
Microsoft Visual Studio Solution File, Format Version 12.00
# Visual Studio Version 17
VisualStudioVersion = 17.2.32616.157
MinimumVisualStudioVersion = 10.0.40219.1
Project("{9A19103F-16F7-4668-BE54-9A1E7A4F7556}") = "ComputacionFCQ-MVC", "ComputacionFCQ-MVC.csproj", "{5BE76F0C-30A2-4CEB-B7ED-B9EAC183AE8C}"
EndProject
Global
	GlobalSection(SolutionConfigurationPlatforms) = preSolution
		Debug|Any CPU = Debug|Any CPU
		Release|Any CPU = Release|Any CPU
	EndGlobalSection
	GlobalSection(ProjectConfigurationPlatforms) = postSolution
		{5BE76F0C-30A2-4CEB-B7ED-B9EAC183AE8C}.Debug|Any CPU.ActiveCfg = Debug|Any CPU
		{5BE76F0C-30A2-4CEB-B7ED-B9EAC183AE8C}.Debug|Any CPU.Build.0 = Debug|Any CPU
		{5BE76F0C-30A2-4CEB-B7ED-B9EAC183AE8C}.Release|Any CPU.ActiveCfg = Release|Any CPU
		{5BE76F0C-30A2-4CEB-B7ED-B9EAC183AE8C}.Release|Any CPU.Build.0 = Release|Any CPU
	EndGlobalSection
	GlobalSection(SolutionProperties) = preSolution
		HideSolutionNode = FALSE
	EndGlobalSection
	GlobalSection(ExtensibilityGlobals) = postSolution
		SolutionGuid = {F596E1CD-FA0C-4F75-8291-0F35BB7556B3}
	EndGlobalSection
EndGlobal
